
Microsoft Visual Studio Solution File, Format Version 12.00
# Visual Studio Version 17
VisualStudioVersion = 17.11.35327.3
MinimumVisualStudioVersion = 10.0.40219.1
Project("{FAE04EC0-301F-11D3-BF4B-00C04F79EFBC}") = "WpfApp7", "WpfApp7\WpfApp7.csproj", "{9A4D3151-388E-49C0-9E48-1E4A70711A86}"
EndProject
Global
	GlobalSection(SolutionConfigurationPlatforms) = preSolution
		Debug|Any CPU = Debug|Any CPU
		Release|Any CPU = Release|Any CPU
	EndGlobalSection
	GlobalSection(ProjectConfigurationPlatforms) = postSolution
		{9A4D3151-388E-49C0-9E48-1E4A70711A86}.Debug|Any CPU.ActiveCfg = Debug|Any CPU
		{9A4D3151-388E-49C0-9E48-1E4A70711A86}.Debug|Any CPU.Build.0 = Debug|Any CPU
		{9A4D3151-388E-49C0-9E48-1E4A70711A86}.Release|Any CPU.ActiveCfg = Release|Any CPU
		{9A4D3151-388E-49C0-9E48-1E4A70711A86}.Release|Any CPU.Build.0 = Release|Any CPU
	EndGlobalSection
	GlobalSection(SolutionProperties) = preSolution
		HideSolutionNode = FALSE
	EndGlobalSection
	GlobalSection(ExtensibilityGlobals) = postSolution
		SolutionGuid = {948E2DC0-9974-4017-891C-6A6FC2C50EF4}
	EndGlobalSection
EndGlobal
